
Microsoft Visual Studio Solution File, Format Version 12.00
# Visual Studio Version 17
VisualStudioVersion = 17.14.36202.13 d17.14
MinimumVisualStudioVersion = 10.0.40219.1
Project("{FAE04EC0-301F-11D3-BF4B-00C04F79EFBC}") = "MVC-Team Project", "MVC-Team Project\MVC-Team Project.csproj", "{89B22732-0458-4421-805D-2D710B8BEF5D}"
EndProject
Global
	GlobalSection(SolutionConfigurationPlatforms) = preSolution
		Debug|Any CPU = Debug|Any CPU
		Release|Any CPU = Release|Any CPU
	EndGlobalSection
	GlobalSection(ProjectConfigurationPlatforms) = postSolution
		{89B22732-0458-4421-805D-2D710B8BEF5D}.Debug|Any CPU.ActiveCfg = Debug|Any CPU
		{89B22732-0458-4421-805D-2D710B8BEF5D}.Debug|Any CPU.Build.0 = Debug|Any CPU
		{89B22732-0458-4421-805D-2D710B8BEF5D}.Release|Any CPU.ActiveCfg = Release|Any CPU
		{89B22732-0458-4421-805D-2D710B8BEF5D}.Release|Any CPU.Build.0 = Release|Any CPU
	EndGlobalSection
	GlobalSection(SolutionProperties) = preSolution
		HideSolutionNode = FALSE
	EndGlobalSection
	GlobalSection(ExtensibilityGlobals) = postSolution
		SolutionGuid = {873AADC9-7156-45F3-BC97-3E71351E5B26}
	EndGlobalSection
EndGlobal
